// !$*UTF8*$!
{
	archiveVersion = 1;
	classes = {
	};
	objectVersion = 50;
	objects = {

/* Begin PBXBuildFile section */
		326AB4AA245E38B8009E2A69 /* AppDelegate.swift in Sources */ = {isa = PBXBuildFile; fileRef = 326AB4A9245E38B8009E2A69 /* AppDelegate.swift */; };
		326AB4AC245E38B8009E2A69 /* SceneDelegate.swift in Sources */ = {isa = PBXBuildFile; fileRef = 326AB4AB245E38B8009E2A69 /* SceneDelegate.swift */; };
		326AB4AE245E38B8009E2A69 /* HomeViewController.swift in Sources */ = {isa = PBXBuildFile; fileRef = 326AB4AD245E38B8009E2A69 /* HomeViewController.swift */; };
		326AB4B0245E38B8009E2A69 /* HeadlinesViewController.swift in Sources */ = {isa = PBXBuildFile; fileRef = 326AB4AF245E38B8009E2A69 /* HeadlinesViewController.swift */; };
		326AB4B3245E38B8009E2A69 /* Main.storyboard in Resources */ = {isa = PBXBuildFile; fileRef = 326AB4B1245E38B8009E2A69 /* Main.storyboard */; };
		326AB4B5245E38BB009E2A69 /* Assets.xcassets in Resources */ = {isa = PBXBuildFile; fileRef = 326AB4B4245E38BB009E2A69 /* Assets.xcassets */; };
		326AB4B8245E38BB009E2A69 /* LaunchScreen.storyboard in Resources */ = {isa = PBXBuildFile; fileRef = 326AB4B6245E38BB009E2A69 /* LaunchScreen.storyboard */; };
		3284C603245E6672009343AD /* WeatherTableViewCell.swift in Sources */ = {isa = PBXBuildFile; fileRef = 3284C601245E6672009343AD /* WeatherTableViewCell.swift */; };
		3284C604245E6672009343AD /* WeatherTableViewCell.xib in Resources */ = {isa = PBXBuildFile; fileRef = 3284C602245E6672009343AD /* WeatherTableViewCell.xib */; };
/* End PBXBuildFile section */

/* Begin PBXFileReference section */
		326AB4A6245E38B8009E2A69 /* NewsApp.app */ = {isa = PBXFileReference; explicitFileType = wrapper.application; includeInIndex = 0; path = NewsApp.app; sourceTree = BUILT_PRODUCTS_DIR; };
		326AB4A9245E38B8009E2A69 /* AppDelegate.swift */ = {isa = PBXFileReference; lastKnownFileType = sourcecode.swift; path = AppDelegate.swift; sourceTree = "<group>"; };
		326AB4AB245E38B8009E2A69 /* SceneDelegate.swift */ = {isa = PBXFileReference; lastKnownFileType = sourcecode.swift; path = SceneDelegate.swift; sourceTree = "<group>"; };
		326AB4AD245E38B8009E2A69 /* HomeViewController.swift */ = {isa = PBXFileReference; lastKnownFileType = sourcecode.swift; path = HomeViewController.swift; sourceTree = "<group>"; };
		326AB4AF245E38B8009E2A69 /* HeadlinesViewController.swift */ = {isa = PBXFileReference; lastKnownFileType = sourcecode.swift; path = HeadlinesViewController.swift; sourceTree = "<group>"; };
		326AB4B2245E38B8009E2A69 /* Base */ = {isa = PBXFileReference; lastKnownFileType = file.storyboard; name = Base; path = Base.lproj/Main.storyboard; sourceTree = "<group>"; };
		326AB4B4245E38BB009E2A69 /* Assets.xcassets */ = {isa = PBXFileReference; lastKnownFileType = folder.assetcatalog; path = Assets.xcassets; sourceTree = "<group>"; };
		326AB4B7245E38BB009E2A69 /* Base */ = {isa = PBXFileReference; lastKnownFileType = file.storyboard; name = Base; path = Base.lproj/LaunchScreen.storyboard; sourceTree = "<group>"; };
		326AB4B9245E38BB009E2A69 /* Info.plist */ = {isa = PBXFileReference; lastKnownFileType = text.plist.xml; path = Info.plist; sourceTree = "<group>"; };
		3284C601245E6672009343AD /* WeatherTableViewCell.swift */ = {isa = PBXFileReference; lastKnownFileType = sourcecode.swift; path = WeatherTableViewCell.swift; sourceTree = "<group>"; };
		3284C602245E6672009343AD /* WeatherTableViewCell.xib */ = {isa = PBXFileReference; lastKnownFileType = file.xib; path = WeatherTableViewCell.xib; sourceTree = "<group>"; };
/* End PBXFileReference section */

/* Begin PBXFrameworksBuildPhase section */
		326AB4A3245E38B8009E2A69 /* Frameworks */ = {
			isa = PBXFrameworksBuildPhase;
			buildActionMask = 2147483647;
			files = (
			);
			runOnlyForDeploymentPostprocessing = 0;
		};
/* End PBXFrameworksBuildPhase section */

/* Begin PBXGroup section */
		326AB49D245E38B8009E2A69 = {
			isa = PBXGroup;
			children = (
				326AB4A8245E38B8009E2A69 /* NewsApp */,
				326AB4A7245E38B8009E2A69 /* Products */,
			);
			sourceTree = "<group>";
		};
		326AB4A7245E38B8009E2A69 /* Products */ = {
			isa = PBXGroup;
			children = (
				326AB4A6245E38B8009E2A69 /* NewsApp.app */,
			);
			name = Products;
			sourceTree = "<group>";
		};
		326AB4A8245E38B8009E2A69 /* NewsApp */ = {
			isa = PBXGroup;
			children = (
				326AB4A9245E38B8009E2A69 /* AppDelegate.swift */,
				326AB4AB245E38B8009E2A69 /* SceneDelegate.swift */,
				3284C606245E66C1009343AD /* Controller */,
				3284C605245E6694009343AD /* View */,
				326AB4B4245E38BB009E2A69 /* Assets.xcassets */,
				326AB4B9245E38BB009E2A69 /* Info.plist */,
			);
			path = NewsApp;
			sourceTree = "<group>";
		};
		3284C605245E6694009343AD /* View */ = {
			isa = PBXGroup;
			children = (
				326AB4B1245E38B8009E2A69 /* Main.storyboard */,
				326AB4B6245E38BB009E2A69 /* LaunchScreen.storyboard */,
			);
			path = View;
			sourceTree = "<group>";
		};
		3284C606245E66C1009343AD /* Controller */ = {
			isa = PBXGroup;
			children = (
				326AB4AD245E38B8009E2A69 /* HomeViewController.swift */,
				326AB4AF245E38B8009E2A69 /* HeadlinesViewController.swift */,
				3284C601245E6672009343AD /* WeatherTableViewCell.swift */,
				3284C602245E6672009343AD /* WeatherTableViewCell.xib */,
			);
			path = Controller;
			sourceTree = "<group>";
		};
/* End PBXGroup section */

/* Begin PBXNativeTarget section */
		326AB4A5245E38B8009E2A69 /* NewsApp */ = {
			isa = PBXNativeTarget;
			buildConfigurationList = 326AB4BC245E38BB009E2A69 /* Build configuration list for PBXNativeTarget "NewsApp" */;
			buildPhases = (
				326AB4A2245E38B8009E2A69 /* Sources */,
				326AB4A3245E38B8009E2A69 /* Frameworks */,
				326AB4A4245E38B8009E2A69 /* Resources */,
			);
			buildRules = (
			);
			dependencies = (
			);
			name = NewsApp;
			productName = NewsApp;
			productReference = 326AB4A6245E38B8009E2A69 /* NewsApp.app */;
			productType = "com.apple.product-type.application";
		};
/* End PBXNativeTarget section */

/* Begin PBXProject section */
		326AB49E245E38B8009E2A69 /* Project object */ = {
			isa = PBXProject;
			attributes = {
				LastSwiftUpdateCheck = 1140;
				LastUpgradeCheck = 1140;
				ORGANIZATIONNAME = Yiming;
				TargetAttributes = {
					326AB4A5245E38B8009E2A69 = {
						CreatedOnToolsVersion = 11.4;
					};
				};
			};
			buildConfigurationList = 326AB4A1245E38B8009E2A69 /* Build configuration list for PBXProject "NewsApp" */;
			compatibilityVersion = "Xcode 9.3";
			developmentRegion = en;
			hasScannedForEncodings = 0;
			knownRegions = (
				en,
				Base,
			);
			mainGroup = 326AB49D245E38B8009E2A69;
			productRefGroup = 326AB4A7245E38B8009E2A69 /* Products */;
			projectDirPath = "";
			projectRoot = "";
			targets = (
				326AB4A5245E38B8009E2A69 /* NewsApp */,
			);
		};
/* End PBXProject section */

/* Begin PBXResourcesBuildPhase section */
		326AB4A4245E38B8009E2A69 /* Resources */ = {
			isa = PBXResourcesBuildPhase;
			buildActionMask = 2147483647;
			files = (
				3284C604245E6672009343AD /* WeatherTableViewCell.xib in Resources */,
				326AB4B8245E38BB009E2A69 /* LaunchScreen.storyboard in Resources */,
				326AB4B5245E38BB009E2A69 /* Assets.xcassets in Resources */,
				326AB4B3245E38B8009E2A69 /* Main.storyboard in Resources */,
			);
			runOnlyForDeploymentPostprocessing = 0;
		};
/* End PBXResourcesBuildPhase section */

/* Begin PBXSourcesBuildPhase section */
		326AB4A2245E38B8009E2A69 /* Sources */ = {
			isa = PBXSourcesBuildPhase;
			buildActionMask = 2147483647;
			files = (
				3284C603245E6672009343AD /* WeatherTableViewCell.swift in Sources */,
				326AB4B0245E38B8009E2A69 /* HeadlinesViewController.swift in Sources */,
				326AB4AE245E38B8009E2A69 /* HomeViewController.swift in Sources */,
				326AB4AA245E38B8009E2A69 /* AppDelegate.swift in Sources */,
				326AB4AC245E38B8009E2A69 /* SceneDelegate.swift in Sources */,
			);
			runOnlyForDeploymentPostprocessing = 0;
		};
/* End PBXSourcesBuildPhase section */

/* Begin PBXVariantGroup section */
		326AB4B1245E38B8009E2A69 /* Main.storyboard */ = {
			isa = PBXVariantGroup;
			children = (
				326AB4B2245E38B8009E2A69 /* Base */,
			);
			name = Main.storyboard;
			sourceTree = "<group>";
		};
		326AB4B6245E38BB009E2A69 /* LaunchScreen.storyboard */ = {
			isa = PBXVariantGroup;
			children = (
				326AB4B7245E38BB009E2A69 /* Base */,
			);
			name = LaunchScreen.storyboard;
			sourceTree = "<group>";
		};
/* End PBXVariantGroup section */

/* Begin XCBuildConfiguration section */
		326AB4BA245E38BB009E2A69 /* Debug */ = {
			isa = XCBuildConfiguration;
			buildSettings = {
				ALWAYS_SEARCH_USER_PATHS = NO;
				CLANG_ANALYZER_NONNULL = YES;
				CLANG_ANALYZER_NUMBER_OBJECT_CONVERSION = YES_AGGRESSIVE;
				CLANG_CXX_LANGUAGE_STANDARD = "gnu++14";
				CLANG_CXX_LIBRARY = "libc++";
				CLANG_ENABLE_MODULES = YES;
				CLANG_ENABLE_OBJC_ARC = YES;
				CLANG_ENABLE_OBJC_WEAK = YES;
				CLANG_WARN_BLOCK_CAPTURE_AUTORELEASING = YES;
				CLANG_WARN_BOOL_CONVERSION = YES;
				CLANG_WARN_COMMA = YES;
				CLANG_WARN_CONSTANT_CONVERSION = YES;
				CLANG_WARN_DEPRECATED_OBJC_IMPLEMENTATIONS = YES;
				CLANG_WARN_DIRECT_OBJC_ISA_USAGE = YES_ERROR;
				CLANG_WARN_DOCUMENTATION_COMMENTS = YES;
				CLANG_WARN_EMPTY_BODY = YES;
				CLANG_WARN_ENUM_CONVERSION = YES;
				CLANG_WARN_INFINITE_RECURSION = YES;
				CLANG_WARN_INT_CONVERSION = YES;
				CLANG_WARN_NON_LITERAL_NULL_CONVERSION = YES;
				CLANG_WARN_OBJC_IMPLICIT_RETAIN_SELF = YES;
				CLANG_WARN_OBJC_LITERAL_CONVERSION = YES;
				CLANG_WARN_OBJC_ROOT_CLASS = YES_ERROR;
				CLANG_WARN_RANGE_LOOP_ANALYSIS = YES;
				CLANG_WARN_STRICT_PROTOTYPES = YES;
				CLANG_WARN_SUSPICIOUS_MOVE = YES;
				CLANG_WARN_UNGUARDED_AVAILABILITY = YES_AGGRESSIVE;
				CLANG_WARN_UNREACHABLE_CODE = YES;
				CLANG_WARN__DUPLICATE_METHOD_MATCH = YES;
				COPY_PHASE_STRIP = NO;
				DEBUG_INFORMATION_FORMAT = dwarf;
				ENABLE_STRICT_OBJC_MSGSEND = YES;
				ENABLE_TESTABILITY = YES;
				GCC_C_LANGUAGE_STANDARD = gnu11;
				GCC_DYNAMIC_NO_PIC = NO;
				GCC_NO_COMMON_BLOCKS = YES;
				GCC_OPTIMIZATION_LEVEL = 0;
				GCC_PREPROCESSOR_DEFINITIONS = (
					"DEBUG=1",
					"$(inherited)",
				);
				GCC_WARN_64_TO_32_BIT_CONVERSION = YES;
				GCC_WARN_ABOUT_RETURN_TYPE = YES_ERROR;
				GCC_WARN_UNDECLARED_SELECTOR = YES;
				GCC_WARN_UNINITIALIZED_AUTOS = YES_AGGRESSIVE;
				GCC_WARN_UNUSED_FUNCTION = YES;
				GCC_WARN_UNUSED_VARIABLE = YES;
				IPHONEOS_DEPLOYMENT_TARGET = 13.4;
				MTL_ENABLE_DEBUG_INFO = INCLUDE_SOURCE;
				MTL_FAST_MATH = YES;
				ONLY_ACTIVE_ARCH = YES;
				SDKROOT = iphoneos;
				SWIFT_ACTIVE_COMPILATION_CONDITIONS = DEBUG;
				SWIFT_OPTIMIZATION_LEVEL = "-Onone";
			};
			name = Debug;
		};
		326AB4BB245E38BB009E2A69 /* Release */ = {
			isa = XCBuildConfiguration;
			buildSettings = {
				ALWAYS_SEARCH_USER_PATHS = NO;
				CLANG_ANALYZER_NONNULL = YES;
				CLANG_ANALYZER_NUMBER_OBJECT_CONVERSION = YES_AGGRESSIVE;
				CLANG_CXX_LANGUAGE_STANDARD = "gnu++14";
				CLANG_CXX_LIBRARY = "libc++";
				CLANG_ENABLE_MODULES = YES;
				CLANG_ENABLE_OBJC_ARC = YES;
				CLANG_ENABLE_OBJC_WEAK = YES;
				CLANG_WARN_BLOCK_CAPTURE_AUTORELEASING = YES;
				CLANG_WARN_BOOL_CONVERSION = YES;
				CLANG_WARN_COMMA = YES;
				CLANG_WARN_CONSTANT_CONVERSION = YES;
				CLANG_WARN_DEPRECATED_OBJC_IMPLEMENTATIONS = YES;
				CLANG_WARN_DIRECT_OBJC_ISA_USAGE = YES_ERROR;
				CLANG_WARN_DOCUMENTATION_COMMENTS = YES;
				CLANG_WARN_EMPTY_BODY = YES;
				CLANG_WARN_ENUM_CONVERSION = YES;
				CLANG_WARN_INFINITE_RECURSION = YES;
				CLANG_WARN_INT_CONVERSION = YES;
				CLANG_WARN_NON_LITERAL_NULL_CONVERSION = YES;
				CLANG_WARN_OBJC_IMPLICIT_RETAIN_SELF = YES;
				CLANG_WARN_OBJC_LITERAL_CONVERSION = YES;
				CLANG_WARN_OBJC_ROOT_CLASS = YES_ERROR;
				CLANG_WARN_RANGE_LOOP_ANALYSIS = YES;
				CLANG_WARN_STRICT_PROTOTYPES = YES;
				CLANG_WARN_SUSPICIOUS_MOVE = YES;
				CLANG_WARN_UNGUARDED_AVAILABILITY = YES_AGGRESSIVE;
				CLANG_WARN_UNREACHABLE_CODE = YES;
				CLANG_WARN__DUPLICATE_METHOD_MATCH = YES;
				COPY_PHASE_STRIP = NO;
				DEBUG_INFORMATION_FORMAT = "dwarf-with-dsym";
				ENABLE_NS_ASSERTIONS = NO;
				ENABLE_STRICT_OBJC_MSGSEND = YES;
				GCC_C_LANGUAGE_STANDARD = gnu11;
				GCC_NO_COMMON_BLOCKS = YES;
				GCC_WARN_64_TO_32_BIT_CONVERSION = YES;
				GCC_WARN_ABOUT_RETURN_TYPE = YES_ERROR;
				GCC_WARN_UNDECLARED_SELECTOR = YES;
				GCC_WARN_UNINITIALIZED_AUTOS = YES_AGGRESSIVE;
				GCC_WARN_UNUSED_FUNCTION = YES;
				GCC_WARN_UNUSED_VARIABLE = YES;
				IPHONEOS_DEPLOYMENT_TARGET = 13.4;
				MTL_ENABLE_DEBUG_INFO = NO;
				MTL_FAST_MATH = YES;
				SDKROOT = iphoneos;
				SWIFT_COMPILATION_MODE = wholemodule;
				SWIFT_OPTIMIZATION_LEVEL = "-O";
				VALIDATE_PRODUCT = YES;
			};
			name = Release;
		};
		326AB4BD245E38BB009E2A69 /* Debug */ = {
			isa = XCBuildConfiguration;
			buildSettings = {
				ASSETCATALOG_COMPILER_APPICON_NAME = AppIcon;
				CODE_SIGN_STYLE = Automatic;
				DEVELOPMENT_TEAM = M49J9S9SQ5;
				INFOPLIST_FILE = NewsApp/Info.plist;
				LD_RUNPATH_SEARCH_PATHS = (
					"$(inherited)",
					"@executable_path/Frameworks",
				);
				PRODUCT_BUNDLE_IDENTIFIER = com.brucechen.NewsApp;
				PRODUCT_NAME = "$(TARGET_NAME)";
				SWIFT_VERSION = 5.0;
				TARGETED_DEVICE_FAMILY = "1,2";
			};
			name = Debug;
		};
		326AB4BE245E38BB009E2A69 /* Release */ = {
			isa = XCBuildConfiguration;
			buildSettings = {
				ASSETCATALOG_COMPILER_APPICON_NAME = AppIcon;
				CODE_SIGN_STYLE = Automatic;
				DEVELOPMENT_TEAM = M49J9S9SQ5;
				INFOPLIST_FILE = NewsApp/Info.plist;
				LD_RUNPATH_SEARCH_PATHS = (
					"$(inherited)",
					"@executable_path/Frameworks",
				);
				PRODUCT_BUNDLE_IDENTIFIER = com.brucechen.NewsApp;
				PRODUCT_NAME = "$(TARGET_NAME)";
				SWIFT_VERSION = 5.0;
				TARGETED_DEVICE_FAMILY = "1,2";
			};
			name = Release;
		};
/* End XCBuildConfiguration section */

/* Begin XCConfigurationList section */
		326AB4A1245E38B8009E2A69 /* Build configuration list for PBXProject "NewsApp" */ = {
			isa = XCConfigurationList;
			buildConfigurations = (
				326AB4BA245E38BB009E2A69 /* Debug */,
				326AB4BB245E38BB009E2A69 /* Release */,
			);
			defaultConfigurationIsVisible = 0;
			defaultConfigurationName = Release;
		};
		326AB4BC245E38BB009E2A69 /* Build configuration list for PBXNativeTarget "NewsApp" */ = {
			isa = XCConfigurationList;
			buildConfigurations = (
				326AB4BD245E38BB009E2A69 /* Debug */,
				326AB4BE245E38BB009E2A69 /* Release */,
			);
			defaultConfigurationIsVisible = 0;
			defaultConfigurationName = Release;
		};
/* End XCConfigurationList section */
	};
	rootObject = 326AB49E245E38B8009E2A69 /* Project object */;
}
